// !$*UTF8*$!
{
	archiveVersion = 1;
	classes = {
	};
	objectVersion = 56;
	objects = {

/* Begin PBXBuildFile section */
		292013842A36592A0061912D /* DataService.swift in Sources */ = {isa = PBXBuildFile; fileRef = 292013832A36592A0061912D /* DataService.swift */; };
		292013862A365A680061912D /* Constants.swift in Sources */ = {isa = PBXBuildFile; fileRef = 292013852A365A680061912D /* Constants.swift */; };
		2940756C2A34D98E00B63FD8 /* AppDelegate.swift in Sources */ = {isa = PBXBuildFile; fileRef = 2940756B2A34D98E00B63FD8 /* AppDelegate.swift */; };
		2940756E2A34D98E00B63FD8 /* SceneDelegate.swift in Sources */ = {isa = PBXBuildFile; fileRef = 2940756D2A34D98E00B63FD8 /* SceneDelegate.swift */; };
		294075702A34D98E00B63FD8 /* BrowserViewController.swift in Sources */ = {isa = PBXBuildFile; fileRef = 2940756F2A34D98E00B63FD8 /* BrowserViewController.swift */; };
		294075732A34D98E00B63FD8 /* Main.storyboard in Resources */ = {isa = PBXBuildFile; fileRef = 294075712A34D98E00B63FD8 /* Main.storyboard */; };
		294075752A34D98F00B63FD8 /* Assets.xcassets in Resources */ = {isa = PBXBuildFile; fileRef = 294075742A34D98F00B63FD8 /* Assets.xcassets */; };
		294075782A34D98F00B63FD8 /* LaunchScreen.storyboard in Resources */ = {isa = PBXBuildFile; fileRef = 294075762A34D98F00B63FD8 /* LaunchScreen.storyboard */; };
		2960EC6E2A35AE6F00796D63 /* CharacterSet+Extension.swift in Sources */ = {isa = PBXBuildFile; fileRef = 2960EC6D2A35AE6F00796D63 /* CharacterSet+Extension.swift */; };
		2960EC702A35AF6200796D63 /* URL+Extension.swift in Sources */ = {isa = PBXBuildFile; fileRef = 2960EC6F2A35AF6200796D63 /* URL+Extension.swift */; };
		2960EC722A35B1A700796D63 /* String+Punycode.swift in Sources */ = {isa = PBXBuildFile; fileRef = 2960EC712A35B1A700796D63 /* String+Punycode.swift */; };
		2960EC742A35B2CC00796D63 /* URIFixup.swift in Sources */ = {isa = PBXBuildFile; fileRef = 2960EC732A35B2CC00796D63 /* URIFixup.swift */; };
		29BF90712A35CFD0003333BD /* HistoryViewController.swift in Sources */ = {isa = PBXBuildFile; fileRef = 29BF90702A35CFD0003333BD /* HistoryViewController.swift */; };
/* End PBXBuildFile section */

/* Begin PBXFileReference section */
		292013832A36592A0061912D /* DataService.swift */ = {isa = PBXFileReference; lastKnownFileType = sourcecode.swift; path = DataService.swift; sourceTree = "<group>"; };
		292013852A365A680061912D /* Constants.swift */ = {isa = PBXFileReference; lastKnownFileType = sourcecode.swift; path = Constants.swift; sourceTree = "<group>"; };
		294075682A34D98E00B63FD8 /* Browser Prototype.app */ = {isa = PBXFileReference; explicitFileType = wrapper.application; includeInIndex = 0; path = "Browser Prototype.app"; sourceTree = BUILT_PRODUCTS_DIR; };
		2940756B2A34D98E00B63FD8 /* AppDelegate.swift */ = {isa = PBXFileReference; lastKnownFileType = sourcecode.swift; path = AppDelegate.swift; sourceTree = "<group>"; };
		2940756D2A34D98E00B63FD8 /* SceneDelegate.swift */ = {isa = PBXFileReference; lastKnownFileType = sourcecode.swift; path = SceneDelegate.swift; sourceTree = "<group>"; };
		2940756F2A34D98E00B63FD8 /* BrowserViewController.swift */ = {isa = PBXFileReference; lastKnownFileType = sourcecode.swift; path = BrowserViewController.swift; sourceTree = "<group>"; };
		294075722A34D98E00B63FD8 /* Base */ = {isa = PBXFileReference; lastKnownFileType = file.storyboard; name = Base; path = Base.lproj/Main.storyboard; sourceTree = "<group>"; };
		294075742A34D98F00B63FD8 /* Assets.xcassets */ = {isa = PBXFileReference; lastKnownFileType = folder.assetcatalog; path = Assets.xcassets; sourceTree = "<group>"; };
		294075772A34D98F00B63FD8 /* Base */ = {isa = PBXFileReference; lastKnownFileType = file.storyboard; name = Base; path = Base.lproj/LaunchScreen.storyboard; sourceTree = "<group>"; };
		294075792A34D98F00B63FD8 /* Info.plist */ = {isa = PBXFileReference; lastKnownFileType = text.plist.xml; path = Info.plist; sourceTree = "<group>"; };
		2960EC6D2A35AE6F00796D63 /* CharacterSet+Extension.swift */ = {isa = PBXFileReference; lastKnownFileType = sourcecode.swift; path = "CharacterSet+Extension.swift"; sourceTree = "<group>"; };
		2960EC6F2A35AF6200796D63 /* URL+Extension.swift */ = {isa = PBXFileReference; lastKnownFileType = sourcecode.swift; path = "URL+Extension.swift"; sourceTree = "<group>"; };
		2960EC712A35B1A700796D63 /* String+Punycode.swift */ = {isa = PBXFileReference; lastKnownFileType = sourcecode.swift; path = "String+Punycode.swift"; sourceTree = "<group>"; };
		2960EC732A35B2CC00796D63 /* URIFixup.swift */ = {isa = PBXFileReference; lastKnownFileType = sourcecode.swift; path = URIFixup.swift; sourceTree = "<group>"; };
		29BF90702A35CFD0003333BD /* HistoryViewController.swift */ = {isa = PBXFileReference; lastKnownFileType = sourcecode.swift; path = HistoryViewController.swift; sourceTree = "<group>"; };
/* End PBXFileReference section */

/* Begin PBXFrameworksBuildPhase section */
		294075652A34D98E00B63FD8 /* Frameworks */ = {
			isa = PBXFrameworksBuildPhase;
			buildActionMask = 2147483647;
			files = (
			);
			runOnlyForDeploymentPostprocessing = 0;
		};
/* End PBXFrameworksBuildPhase section */

/* Begin PBXGroup section */
		292013822A36590C0061912D /* Service */ = {
			isa = PBXGroup;
			children = (
				2960EC732A35B2CC00796D63 /* URIFixup.swift */,
				292013832A36592A0061912D /* DataService.swift */,
				292013852A365A680061912D /* Constants.swift */,
			);
			path = Service;
			sourceTree = "<group>";
		};
		292013872A365E3D0061912D /* ViewControllers */ = {
			isa = PBXGroup;
			children = (
				2940756F2A34D98E00B63FD8 /* BrowserViewController.swift */,
				29BF90702A35CFD0003333BD /* HistoryViewController.swift */,
			);
			path = ViewControllers;
			sourceTree = "<group>";
		};
		2940755F2A34D98E00B63FD8 = {
			isa = PBXGroup;
			children = (
				2940756A2A34D98E00B63FD8 /* Browser Prototype */,
				294075692A34D98E00B63FD8 /* Products */,
			);
			sourceTree = "<group>";
		};
		294075692A34D98E00B63FD8 /* Products */ = {
			isa = PBXGroup;
			children = (
				294075682A34D98E00B63FD8 /* Browser Prototype.app */,
			);
			name = Products;
			sourceTree = "<group>";
		};
		2940756A2A34D98E00B63FD8 /* Browser Prototype */ = {
			isa = PBXGroup;
			children = (
				2940756B2A34D98E00B63FD8 /* AppDelegate.swift */,
				2940756D2A34D98E00B63FD8 /* SceneDelegate.swift */,
				292013872A365E3D0061912D /* ViewControllers */,
				292013822A36590C0061912D /* Service */,
				2960EC752A35BEBA00796D63 /* Extensions */,
				294075712A34D98E00B63FD8 /* Main.storyboard */,
				294075742A34D98F00B63FD8 /* Assets.xcassets */,
				294075762A34D98F00B63FD8 /* LaunchScreen.storyboard */,
				294075792A34D98F00B63FD8 /* Info.plist */,
			);
			path = "Browser Prototype";
			sourceTree = "<group>";
		};
		2960EC752A35BEBA00796D63 /* Extensions */ = {
			isa = PBXGroup;
			children = (
				2960EC712A35B1A700796D63 /* String+Punycode.swift */,
				2960EC6F2A35AF6200796D63 /* URL+Extension.swift */,
				2960EC6D2A35AE6F00796D63 /* CharacterSet+Extension.swift */,
			);
			path = Extensions;
			sourceTree = "<group>";
		};
/* End PBXGroup section */

/* Begin PBXNativeTarget section */
		294075672A34D98E00B63FD8 /* Browser Prototype */ = {
			isa = PBXNativeTarget;
			buildConfigurationList = 2940757C2A34D98F00B63FD8 /* Build configuration list for PBXNativeTarget "Browser Prototype" */;
			buildPhases = (
				294075642A34D98E00B63FD8 /* Sources */,
				294075652A34D98E00B63FD8 /* Frameworks */,
				294075662A34D98E00B63FD8 /* Resources */,
			);
			buildRules = (
			);
			dependencies = (
			);
			name = "Browser Prototype";
			productName = "Browser Prototype";
			productReference = 294075682A34D98E00B63FD8 /* Browser Prototype.app */;
			productType = "com.apple.product-type.application";
		};
/* End PBXNativeTarget section */

/* Begin PBXProject section */
		294075602A34D98E00B63FD8 /* Project object */ = {
			isa = PBXProject;
			attributes = {
				BuildIndependentTargetsInParallel = 1;
				LastSwiftUpdateCheck = 1430;
				LastUpgradeCheck = 1430;
				TargetAttributes = {
					294075672A34D98E00B63FD8 = {
						CreatedOnToolsVersion = 14.3;
					};
				};
			};
			buildConfigurationList = 294075632A34D98E00B63FD8 /* Build configuration list for PBXProject "Browser Prototype" */;
			compatibilityVersion = "Xcode 14.0";
			developmentRegion = en;
			hasScannedForEncodings = 0;
			knownRegions = (
				en,
				Base,
			);
			mainGroup = 2940755F2A34D98E00B63FD8;
			productRefGroup = 294075692A34D98E00B63FD8 /* Products */;
			projectDirPath = "";
			projectRoot = "";
			targets = (
				294075672A34D98E00B63FD8 /* Browser Prototype */,
			);
		};
/* End PBXProject section */

/* Begin PBXResourcesBuildPhase section */
		294075662A34D98E00B63FD8 /* Resources */ = {
			isa = PBXResourcesBuildPhase;
			buildActionMask = 2147483647;
			files = (
				294075782A34D98F00B63FD8 /* LaunchScreen.storyboard in Resources */,
				294075752A34D98F00B63FD8 /* Assets.xcassets in Resources */,
				294075732A34D98E00B63FD8 /* Main.storyboard in Resources */,
			);
			runOnlyForDeploymentPostprocessing = 0;
		};
/* End PBXResourcesBuildPhase section */

/* Begin PBXSourcesBuildPhase section */
		294075642A34D98E00B63FD8 /* Sources */ = {
			isa = PBXSourcesBuildPhase;
			buildActionMask = 2147483647;
			files = (
				292013842A36592A0061912D /* DataService.swift in Sources */,
				2960EC722A35B1A700796D63 /* String+Punycode.swift in Sources */,
				294075702A34D98E00B63FD8 /* BrowserViewController.swift in Sources */,
				2960EC6E2A35AE6F00796D63 /* CharacterSet+Extension.swift in Sources */,
				2940756C2A34D98E00B63FD8 /* AppDelegate.swift in Sources */,
				292013862A365A680061912D /* Constants.swift in Sources */,
				2960EC702A35AF6200796D63 /* URL+Extension.swift in Sources */,
				2960EC742A35B2CC00796D63 /* URIFixup.swift in Sources */,
				2940756E2A34D98E00B63FD8 /* SceneDelegate.swift in Sources */,
				29BF90712A35CFD0003333BD /* HistoryViewController.swift in Sources */,
			);
			runOnlyForDeploymentPostprocessing = 0;
		};
/* End PBXSourcesBuildPhase section */

/* Begin PBXVariantGroup section */
		294075712A34D98E00B63FD8 /* Main.storyboard */ = {
			isa = PBXVariantGroup;
			children = (
				294075722A34D98E00B63FD8 /* Base */,
			);
			name = Main.storyboard;
			sourceTree = "<group>";
		};
		294075762A34D98F00B63FD8 /* LaunchScreen.storyboard */ = {
			isa = PBXVariantGroup;
			children = (
				294075772A34D98F00B63FD8 /* Base */,
			);
			name = LaunchScreen.storyboard;
			sourceTree = "<group>";
		};
/* End PBXVariantGroup section */

/* Begin XCBuildConfiguration section */
		2940757A2A34D98F00B63FD8 /* Debug */ = {
			isa = XCBuildConfiguration;
			buildSettings = {
				ALWAYS_SEARCH_USER_PATHS = NO;
				CLANG_ANALYZER_NONNULL = YES;
				CLANG_ANALYZER_NUMBER_OBJECT_CONVERSION = YES_AGGRESSIVE;
				CLANG_CXX_LANGUAGE_STANDARD = "gnu++20";
				CLANG_ENABLE_MODULES = YES;
				CLANG_ENABLE_OBJC_ARC = YES;
				CLANG_ENABLE_OBJC_WEAK = YES;
				CLANG_WARN_BLOCK_CAPTURE_AUTORELEASING = YES;
				CLANG_WARN_BOOL_CONVERSION = YES;
				CLANG_WARN_COMMA = YES;
				CLANG_WARN_CONSTANT_CONVERSION = YES;
				CLANG_WARN_DEPRECATED_OBJC_IMPLEMENTATIONS = YES;
				CLANG_WARN_DIRECT_OBJC_ISA_USAGE = YES_ERROR;
				CLANG_WARN_DOCUMENTATION_COMMENTS = YES;
				CLANG_WARN_EMPTY_BODY = YES;
				CLANG_WARN_ENUM_CONVERSION = YES;
				CLANG_WARN_INFINITE_RECURSION = YES;
				CLANG_WARN_INT_CONVERSION = YES;
				CLANG_WARN_NON_LITERAL_NULL_CONVERSION = YES;
				CLANG_WARN_OBJC_IMPLICIT_RETAIN_SELF = YES;
				CLANG_WARN_OBJC_LITERAL_CONVERSION = YES;
				CLANG_WARN_OBJC_ROOT_CLASS = YES_ERROR;
				CLANG_WARN_QUOTED_INCLUDE_IN_FRAMEWORK_HEADER = YES;
				CLANG_WARN_RANGE_LOOP_ANALYSIS = YES;
				CLANG_WARN_STRICT_PROTOTYPES = YES;
				CLANG_WARN_SUSPICIOUS_MOVE = YES;
				CLANG_WARN_UNGUARDED_AVAILABILITY = YES_AGGRESSIVE;
				CLANG_WARN_UNREACHABLE_CODE = YES;
				CLANG_WARN__DUPLICATE_METHOD_MATCH = YES;
				COPY_PHASE_STRIP = NO;
				DEBUG_INFORMATION_FORMAT = dwarf;
				ENABLE_STRICT_OBJC_MSGSEND = YES;
				ENABLE_TESTABILITY = YES;
				GCC_C_LANGUAGE_STANDARD = gnu11;
				GCC_DYNAMIC_NO_PIC = NO;
				GCC_NO_COMMON_BLOCKS = YES;
				GCC_OPTIMIZATION_LEVEL = 0;
				GCC_PREPROCESSOR_DEFINITIONS = (
					"DEBUG=1",
					"$(inherited)",
				);
				GCC_WARN_64_TO_32_BIT_CONVERSION = YES;
				GCC_WARN_ABOUT_RETURN_TYPE = YES_ERROR;
				GCC_WARN_UNDECLARED_SELECTOR = YES;
				GCC_WARN_UNINITIALIZED_AUTOS = YES_AGGRESSIVE;
				GCC_WARN_UNUSED_FUNCTION = YES;
				GCC_WARN_UNUSED_VARIABLE = YES;
				IPHONEOS_DEPLOYMENT_TARGET = 16.4;
				MTL_ENABLE_DEBUG_INFO = INCLUDE_SOURCE;
				MTL_FAST_MATH = YES;
				ONLY_ACTIVE_ARCH = YES;
				SDKROOT = iphoneos;
				SWIFT_ACTIVE_COMPILATION_CONDITIONS = DEBUG;
				SWIFT_OPTIMIZATION_LEVEL = "-Onone";
			};
			name = Debug;
		};
		2940757B2A34D98F00B63FD8 /* Release */ = {
			isa = XCBuildConfiguration;
			buildSettings = {
				ALWAYS_SEARCH_USER_PATHS = NO;
				CLANG_ANALYZER_NONNULL = YES;
				CLANG_ANALYZER_NUMBER_OBJECT_CONVERSION = YES_AGGRESSIVE;
				CLANG_CXX_LANGUAGE_STANDARD = "gnu++20";
				CLANG_ENABLE_MODULES = YES;
				CLANG_ENABLE_OBJC_ARC = YES;
				CLANG_ENABLE_OBJC_WEAK = YES;
				CLANG_WARN_BLOCK_CAPTURE_AUTORELEASING = YES;
				CLANG_WARN_BOOL_CONVERSION = YES;
				CLANG_WARN_COMMA = YES;
				CLANG_WARN_CONSTANT_CONVERSION = YES;
				CLANG_WARN_DEPRECATED_OBJC_IMPLEMENTATIONS = YES;
				CLANG_WARN_DIRECT_OBJC_ISA_USAGE = YES_ERROR;
				CLANG_WARN_DOCUMENTATION_COMMENTS = YES;
				CLANG_WARN_EMPTY_BODY = YES;
				CLANG_WARN_ENUM_CONVERSION = YES;
				CLANG_WARN_INFINITE_RECURSION = YES;
				CLANG_WARN_INT_CONVERSION = YES;
				CLANG_WARN_NON_LITERAL_NULL_CONVERSION = YES;
				CLANG_WARN_OBJC_IMPLICIT_RETAIN_SELF = YES;
				CLANG_WARN_OBJC_LITERAL_CONVERSION = YES;
				CLANG_WARN_OBJC_ROOT_CLASS = YES_ERROR;
				CLANG_WARN_QUOTED_INCLUDE_IN_FRAMEWORK_HEADER = YES;
				CLANG_WARN_RANGE_LOOP_ANALYSIS = YES;
				CLANG_WARN_STRICT_PROTOTYPES = YES;
				CLANG_WARN_SUSPICIOUS_MOVE = YES;
				CLANG_WARN_UNGUARDED_AVAILABILITY = YES_AGGRESSIVE;
				CLANG_WARN_UNREACHABLE_CODE = YES;
				CLANG_WARN__DUPLICATE_METHOD_MATCH = YES;
				COPY_PHASE_STRIP = NO;
				DEBUG_INFORMATION_FORMAT = "dwarf-with-dsym";
				ENABLE_NS_ASSERTIONS = NO;
				ENABLE_STRICT_OBJC_MSGSEND = YES;
				GCC_C_LANGUAGE_STANDARD = gnu11;
				GCC_NO_COMMON_BLOCKS = YES;
				GCC_WARN_64_TO_32_BIT_CONVERSION = YES;
				GCC_WARN_ABOUT_RETURN_TYPE = YES_ERROR;
				GCC_WARN_UNDECLARED_SELECTOR = YES;
				GCC_WARN_UNINITIALIZED_AUTOS = YES_AGGRESSIVE;
				GCC_WARN_UNUSED_FUNCTION = YES;
				GCC_WARN_UNUSED_VARIABLE = YES;
				IPHONEOS_DEPLOYMENT_TARGET = 16.4;
				MTL_ENABLE_DEBUG_INFO = NO;
				MTL_FAST_MATH = YES;
				SDKROOT = iphoneos;
				SWIFT_COMPILATION_MODE = wholemodule;
				SWIFT_OPTIMIZATION_LEVEL = "-O";
				VALIDATE_PRODUCT = YES;
			};
			name = Release;
		};
		2940757D2A34D98F00B63FD8 /* Debug */ = {
			isa = XCBuildConfiguration;
			buildSettings = {
				ASSETCATALOG_COMPILER_APPICON_NAME = AppIcon;
				ASSETCATALOG_COMPILER_GLOBAL_ACCENT_COLOR_NAME = AccentColor;
				CODE_SIGN_STYLE = Automatic;
				CURRENT_PROJECT_VERSION = 1;
				DEVELOPMENT_TEAM = A53U52H77W;
				GENERATE_INFOPLIST_FILE = YES;
				INFOPLIST_FILE = "Browser Prototype/Info.plist";
				INFOPLIST_KEY_LSApplicationCategoryType = "public.app-category.developer-tools";
				INFOPLIST_KEY_UIApplicationSupportsIndirectInputEvents = YES;
				INFOPLIST_KEY_UILaunchStoryboardName = LaunchScreen;
				INFOPLIST_KEY_UIMainStoryboardFile = Main;
				INFOPLIST_KEY_UISupportedInterfaceOrientations_iPad = "UIInterfaceOrientationPortrait UIInterfaceOrientationPortraitUpsideDown UIInterfaceOrientationLandscapeLeft UIInterfaceOrientationLandscapeRight";
				INFOPLIST_KEY_UISupportedInterfaceOrientations_iPhone = "UIInterfaceOrientationPortrait UIInterfaceOrientationLandscapeLeft UIInterfaceOrientationLandscapeRight";
				IPHONEOS_DEPLOYMENT_TARGET = 16.0;
				LD_RUNPATH_SEARCH_PATHS = (
					"$(inherited)",
					"@executable_path/Frameworks",
				);
				MARKETING_VERSION = 1.0;
				PRODUCT_BUNDLE_IDENTIFIER = "com.marius.Browser-Prototype";
				PRODUCT_NAME = "$(TARGET_NAME)";
				SWIFT_EMIT_LOC_STRINGS = YES;
				SWIFT_VERSION = 5.0;
				TARGETED_DEVICE_FAMILY = "1,2";
			};
			name = Debug;
		};
		2940757E2A34D98F00B63FD8 /* Release */ = {
			isa = XCBuildConfiguration;
			buildSettings = {
				ASSETCATALOG_COMPILER_APPICON_NAME = AppIcon;
				ASSETCATALOG_COMPILER_GLOBAL_ACCENT_COLOR_NAME = AccentColor;
				CODE_SIGN_STYLE = Automatic;
				CURRENT_PROJECT_VERSION = 1;
				DEVELOPMENT_TEAM = A53U52H77W;
				GENERATE_INFOPLIST_FILE = YES;
				INFOPLIST_FILE = "Browser Prototype/Info.plist";
				INFOPLIST_KEY_LSApplicationCategoryType = "public.app-category.developer-tools";
				INFOPLIST_KEY_UIApplicationSupportsIndirectInputEvents = YES;
				INFOPLIST_KEY_UILaunchStoryboardName = LaunchScreen;
				INFOPLIST_KEY_UIMainStoryboardFile = Main;
				INFOPLIST_KEY_UISupportedInterfaceOrientations_iPad = "UIInterfaceOrientationPortrait UIInterfaceOrientationPortraitUpsideDown UIInterfaceOrientationLandscapeLeft UIInterfaceOrientationLandscapeRight";
				INFOPLIST_KEY_UISupportedInterfaceOrientations_iPhone = "UIInterfaceOrientationPortrait UIInterfaceOrientationLandscapeLeft UIInterfaceOrientationLandscapeRight";
				IPHONEOS_DEPLOYMENT_TARGET = 16.0;
				LD_RUNPATH_SEARCH_PATHS = (
					"$(inherited)",
					"@executable_path/Frameworks",
				);
				MARKETING_VERSION = 1.0;
				PRODUCT_BUNDLE_IDENTIFIER = "com.marius.Browser-Prototype";
				PRODUCT_NAME = "$(TARGET_NAME)";
				SWIFT_EMIT_LOC_STRINGS = YES;
				SWIFT_VERSION = 5.0;
				TARGETED_DEVICE_FAMILY = "1,2";
			};
			name = Release;
		};
/* End XCBuildConfiguration section */

/* Begin XCConfigurationList section */
		294075632A34D98E00B63FD8 /* Build configuration list for PBXProject "Browser Prototype" */ = {
			isa = XCConfigurationList;
			buildConfigurations = (
				2940757A2A34D98F00B63FD8 /* Debug */,
				2940757B2A34D98F00B63FD8 /* Release */,
			);
			defaultConfigurationIsVisible = 0;
			defaultConfigurationName = Release;
		};
		2940757C2A34D98F00B63FD8 /* Build configuration list for PBXNativeTarget "Browser Prototype" */ = {
			isa = XCConfigurationList;
			buildConfigurations = (
				2940757D2A34D98F00B63FD8 /* Debug */,
				2940757E2A34D98F00B63FD8 /* Release */,
			);
			defaultConfigurationIsVisible = 0;
			defaultConfigurationName = Release;
		};
/* End XCConfigurationList section */
	};
	rootObject = 294075602A34D98E00B63FD8 /* Project object */;
}
